<Solution>
  <Folder Name="/src/">
    <Project Path="src/PokeBattleSim.Battler/PokeBattleSim.Battler.csproj" />
    <Project Path="src/PokeBattleSim.ConsoleUI/PokeBattleSim.ConsoleUI.csproj" />
    <Project Path="src/PokeBattleSim.Data.Tests/PokeBattleSim.Data.Tests.csproj" />
    <Project Path="src/PokeBattleSim.Data/PokeBattleSim.Data.csproj" />
    <Project Path="src/PokeBattleSim.Infra/PokeBattleSim.Infra.csproj" />
  </Folder>
</Solution>
